// !$*UTF8*$!
{
	archiveVersion = 1;
	classes = {
	};
	objectVersion = 50;
	objects = {

/* Begin PBXBuildFile section */
		7D1ECCFB21049C3100299C06 /* AppDelegate.swift in Sources */ = {isa = PBXBuildFile; fileRef = 7D1ECCFA21049C3100299C06 /* AppDelegate.swift */; };
		7D1ECCFD21049C3100299C06 /* GameScene.sks in Resources */ = {isa = PBXBuildFile; fileRef = 7D1ECCFC21049C3100299C06 /* GameScene.sks */; };
		7D1ECCFF21049C3100299C06 /* Actions.sks in Resources */ = {isa = PBXBuildFile; fileRef = 7D1ECCFE21049C3100299C06 /* Actions.sks */; };
		7D1ECD0121049C3100299C06 /* GameScene.swift in Sources */ = {isa = PBXBuildFile; fileRef = 7D1ECD0021049C3100299C06 /* GameScene.swift */; };
		7D1ECD0321049C3100299C06 /* GameViewController.swift in Sources */ = {isa = PBXBuildFile; fileRef = 7D1ECD0221049C3100299C06 /* GameViewController.swift */; };
		7D1ECD0621049C3100299C06 /* Main.storyboard in Resources */ = {isa = PBXBuildFile; fileRef = 7D1ECD0421049C3100299C06 /* Main.storyboard */; };
		7D1ECD0821049C3200299C06 /* Assets.xcassets in Resources */ = {isa = PBXBuildFile; fileRef = 7D1ECD0721049C3200299C06 /* Assets.xcassets */; };
		7D1ECD0B21049C3200299C06 /* LaunchScreen.storyboard in Resources */ = {isa = PBXBuildFile; fileRef = 7D1ECD0921049C3200299C06 /* LaunchScreen.storyboard */; };
/* End PBXBuildFile section */

/* Begin PBXFileReference section */
		7D1ECCF721049C3000299C06 /* first-shooting-game.app */ = {isa = PBXFileReference; explicitFileType = wrapper.application; includeInIndex = 0; path = "first-shooting-game.app"; sourceTree = BUILT_PRODUCTS_DIR; };
		7D1ECCFA21049C3100299C06 /* AppDelegate.swift */ = {isa = PBXFileReference; lastKnownFileType = sourcecode.swift; path = AppDelegate.swift; sourceTree = "<group>"; };
		7D1ECCFC21049C3100299C06 /* GameScene.sks */ = {isa = PBXFileReference; lastKnownFileType = file.sks; path = GameScene.sks; sourceTree = "<group>"; };
		7D1ECCFE21049C3100299C06 /* Actions.sks */ = {isa = PBXFileReference; lastKnownFileType = file.sks; path = Actions.sks; sourceTree = "<group>"; };
		7D1ECD0021049C3100299C06 /* GameScene.swift */ = {isa = PBXFileReference; lastKnownFileType = sourcecode.swift; path = GameScene.swift; sourceTree = "<group>"; };
		7D1ECD0221049C3100299C06 /* GameViewController.swift */ = {isa = PBXFileReference; lastKnownFileType = sourcecode.swift; path = GameViewController.swift; sourceTree = "<group>"; };
		7D1ECD0521049C3100299C06 /* Base */ = {isa = PBXFileReference; lastKnownFileType = file.storyboard; name = Base; path = Base.lproj/Main.storyboard; sourceTree = "<group>"; };
		7D1ECD0721049C3200299C06 /* Assets.xcassets */ = {isa = PBXFileReference; lastKnownFileType = folder.assetcatalog; path = Assets.xcassets; sourceTree = "<group>"; };
		7D1ECD0A21049C3200299C06 /* Base */ = {isa = PBXFileReference; lastKnownFileType = file.storyboard; name = Base; path = Base.lproj/LaunchScreen.storyboard; sourceTree = "<group>"; };
		7D1ECD0C21049C3200299C06 /* Info.plist */ = {isa = PBXFileReference; lastKnownFileType = text.plist.xml; path = Info.plist; sourceTree = "<group>"; };
/* End PBXFileReference section */

/* Begin PBXFrameworksBuildPhase section */
		7D1ECCF421049C3000299C06 /* Frameworks */ = {
			isa = PBXFrameworksBuildPhase;
			buildActionMask = 2147483647;
			files = (
			);
			runOnlyForDeploymentPostprocessing = 0;
		};
/* End PBXFrameworksBuildPhase section */

/* Begin PBXGroup section */
		7D1ECCEE21049C3000299C06 = {
			isa = PBXGroup;
			children = (
				7D1ECCF921049C3000299C06 /* first-shooting-game */,
				7D1ECCF821049C3000299C06 /* Products */,
			);
			sourceTree = "<group>";
		};
		7D1ECCF821049C3000299C06 /* Products */ = {
			isa = PBXGroup;
			children = (
				7D1ECCF721049C3000299C06 /* first-shooting-game.app */,
			);
			name = Products;
			sourceTree = "<group>";
		};
		7D1ECCF921049C3000299C06 /* first-shooting-game */ = {
			isa = PBXGroup;
			children = (
				7D1ECCFA21049C3100299C06 /* AppDelegate.swift */,
				7D1ECCFC21049C3100299C06 /* GameScene.sks */,
				7D1ECCFE21049C3100299C06 /* Actions.sks */,
				7D1ECD0021049C3100299C06 /* GameScene.swift */,
				7D1ECD0221049C3100299C06 /* GameViewController.swift */,
				7D1ECD0421049C3100299C06 /* Main.storyboard */,
				7D1ECD0721049C3200299C06 /* Assets.xcassets */,
				7D1ECD0921049C3200299C06 /* LaunchScreen.storyboard */,
				7D1ECD0C21049C3200299C06 /* Info.plist */,
			);
			path = "first-shooting-game";
			sourceTree = "<group>";
		};
/* End PBXGroup section */

/* Begin PBXNativeTarget section */
		7D1ECCF621049C3000299C06 /* first-shooting-game */ = {
			isa = PBXNativeTarget;
			buildConfigurationList = 7D1ECD0F21049C3200299C06 /* Build configuration list for PBXNativeTarget "first-shooting-game" */;
			buildPhases = (
				7D1ECCF321049C3000299C06 /* Sources */,
				7D1ECCF421049C3000299C06 /* Frameworks */,
				7D1ECCF521049C3000299C06 /* Resources */,
			);
			buildRules = (
			);
			dependencies = (
			);
			name = "first-shooting-game";
			productName = "first-shooting-game";
			productReference = 7D1ECCF721049C3000299C06 /* first-shooting-game.app */;
			productType = "com.apple.product-type.application";
		};
/* End PBXNativeTarget section */

/* Begin PBXProject section */
		7D1ECCEF21049C3000299C06 /* Project object */ = {
			isa = PBXProject;
			attributes = {
				LastSwiftUpdateCheck = 0940;
				LastUpgradeCheck = 0940;
				ORGANIZATIONNAME = TakJim;
				TargetAttributes = {
					7D1ECCF621049C3000299C06 = {
						CreatedOnToolsVersion = 9.4.1;
					};
				};
			};
			buildConfigurationList = 7D1ECCF221049C3000299C06 /* Build configuration list for PBXProject "first-shooting-game" */;
			compatibilityVersion = "Xcode 9.3";
			developmentRegion = en;
			hasScannedForEncodings = 0;
			knownRegions = (
				en,
				Base,
			);
			mainGroup = 7D1ECCEE21049C3000299C06;
			productRefGroup = 7D1ECCF821049C3000299C06 /* Products */;
			projectDirPath = "";
			projectRoot = "";
			targets = (
				7D1ECCF621049C3000299C06 /* first-shooting-game */,
			);
		};
/* End PBXProject section */

/* Begin PBXResourcesBuildPhase section */
		7D1ECCF521049C3000299C06 /* Resources */ = {
			isa = PBXResourcesBuildPhase;
			buildActionMask = 2147483647;
			files = (
				7D1ECD0621049C3100299C06 /* Main.storyboard in Resources */,
				7D1ECCFD21049C3100299C06 /* GameScene.sks in Resources */,
				7D1ECD0821049C3200299C06 /* Assets.xcassets in Resources */,
				7D1ECD0B21049C3200299C06 /* LaunchScreen.storyboard in Resources */,
				7D1ECCFF21049C3100299C06 /* Actions.sks in Resources */,
			);
			runOnlyForDeploymentPostprocessing = 0;
		};
/* End PBXResourcesBuildPhase section */

/* Begin PBXSourcesBuildPhase section */
		7D1ECCF321049C3000299C06 /* Sources */ = {
			isa = PBXSourcesBuildPhase;
			buildActionMask = 2147483647;
			files = (
				7D1ECD0121049C3100299C06 /* GameScene.swift in Sources */,
				7D1ECD0321049C3100299C06 /* GameViewController.swift in Sources */,
				7D1ECCFB21049C3100299C06 /* AppDelegate.swift in Sources */,
			);
			runOnlyForDeploymentPostprocessing = 0;
		};
/* End PBXSourcesBuildPhase section */

/* Begin PBXVariantGroup section */
		7D1ECD0421049C3100299C06 /* Main.storyboard */ = {
			isa = PBXVariantGroup;
			children = (
				7D1ECD0521049C3100299C06 /* Base */,
			);
			name = Main.storyboard;
			sourceTree = "<group>";
		};
		7D1ECD0921049C3200299C06 /* LaunchScreen.storyboard */ = {
			isa = PBXVariantGroup;
			children = (
				7D1ECD0A21049C3200299C06 /* Base */,
			);
			name = LaunchScreen.storyboard;
			sourceTree = "<group>";
		};
/* End PBXVariantGroup section */

/* Begin XCBuildConfiguration section */
		7D1ECD0D21049C3200299C06 /* Debug */ = {
			isa = XCBuildConfiguration;
			buildSettings = {
				ALWAYS_SEARCH_USER_PATHS = NO;
				CLANG_ANALYZER_NONNULL = YES;
				CLANG_ANALYZER_NUMBER_OBJECT_CONVERSION = YES_AGGRESSIVE;
				CLANG_CXX_LANGUAGE_STANDARD = "gnu++14";
				CLANG_CXX_LIBRARY = "libc++";
				CLANG_ENABLE_MODULES = YES;
				CLANG_ENABLE_OBJC_ARC = YES;
				CLANG_ENABLE_OBJC_WEAK = YES;
				CLANG_WARN_BLOCK_CAPTURE_AUTORELEASING = YES;
				CLANG_WARN_BOOL_CONVERSION = YES;
				CLANG_WARN_COMMA = YES;
				CLANG_WARN_CONSTANT_CONVERSION = YES;
				CLANG_WARN_DEPRECATED_OBJC_IMPLEMENTATIONS = YES;
				CLANG_WARN_DIRECT_OBJC_ISA_USAGE = YES_ERROR;
				CLANG_WARN_DOCUMENTATION_COMMENTS = YES;
				CLANG_WARN_EMPTY_BODY = YES;
				CLANG_WARN_ENUM_CONVERSION = YES;
				CLANG_WARN_INFINITE_RECURSION = YES;
				CLANG_WARN_INT_CONVERSION = YES;
				CLANG_WARN_NON_LITERAL_NULL_CONVERSION = YES;
				CLANG_WARN_OBJC_IMPLICIT_RETAIN_SELF = YES;
				CLANG_WARN_OBJC_LITERAL_CONVERSION = YES;
				CLANG_WARN_OBJC_ROOT_CLASS = YES_ERROR;
				CLANG_WARN_RANGE_LOOP_ANALYSIS = YES;
				CLANG_WARN_STRICT_PROTOTYPES = YES;
				CLANG_WARN_SUSPICIOUS_MOVE = YES;
				CLANG_WARN_UNGUARDED_AVAILABILITY = YES_AGGRESSIVE;
				CLANG_WARN_UNREACHABLE_CODE = YES;
				CLANG_WARN__DUPLICATE_METHOD_MATCH = YES;
				CODE_SIGN_IDENTITY = "iPhone Developer";
				COPY_PHASE_STRIP = NO;
				DEBUG_INFORMATION_FORMAT = dwarf;
				ENABLE_STRICT_OBJC_MSGSEND = YES;
				ENABLE_TESTABILITY = YES;
				GCC_C_LANGUAGE_STANDARD = gnu11;
				GCC_DYNAMIC_NO_PIC = NO;
				GCC_NO_COMMON_BLOCKS = YES;
				GCC_OPTIMIZATION_LEVEL = 0;
				GCC_PREPROCESSOR_DEFINITIONS = (
					"DEBUG=1",
					"$(inherited)",
				);
				GCC_WARN_64_TO_32_BIT_CONVERSION = YES;
				GCC_WARN_ABOUT_RETURN_TYPE = YES_ERROR;
				GCC_WARN_UNDECLARED_SELECTOR = YES;
				GCC_WARN_UNINITIALIZED_AUTOS = YES_AGGRESSIVE;
				GCC_WARN_UNUSED_FUNCTION = YES;
				GCC_WARN_UNUSED_VARIABLE = YES;
				IPHONEOS_DEPLOYMENT_TARGET = 11.4;
				MTL_ENABLE_DEBUG_INFO = YES;
				ONLY_ACTIVE_ARCH = YES;
				SDKROOT = iphoneos;
				SWIFT_ACTIVE_COMPILATION_CONDITIONS = DEBUG;
				SWIFT_OPTIMIZATION_LEVEL = "-Onone";
			};
			name = Debug;
		};
		7D1ECD0E21049C3200299C06 /* Release */ = {
			isa = XCBuildConfiguration;
			buildSettings = {
				ALWAYS_SEARCH_USER_PATHS = NO;
				CLANG_ANALYZER_NONNULL = YES;
				CLANG_ANALYZER_NUMBER_OBJECT_CONVERSION = YES_AGGRESSIVE;
				CLANG_CXX_LANGUAGE_STANDARD = "gnu++14";
				CLANG_CXX_LIBRARY = "libc++";
				CLANG_ENABLE_MODULES = YES;
				CLANG_ENABLE_OBJC_ARC = YES;
				CLANG_ENABLE_OBJC_WEAK = YES;
				CLANG_WARN_BLOCK_CAPTURE_AUTORELEASING = YES;
				CLANG_WARN_BOOL_CONVERSION = YES;
				CLANG_WARN_COMMA = YES;
				CLANG_WARN_CONSTANT_CONVERSION = YES;
				CLANG_WARN_DEPRECATED_OBJC_IMPLEMENTATIONS = YES;
				CLANG_WARN_DIRECT_OBJC_ISA_USAGE = YES_ERROR;
				CLANG_WARN_DOCUMENTATION_COMMENTS = YES;
				CLANG_WARN_EMPTY_BODY = YES;
				CLANG_WARN_ENUM_CONVERSION = YES;
				CLANG_WARN_INFINITE_RECURSION = YES;
				CLANG_WARN_INT_CONVERSION = YES;
				CLANG_WARN_NON_LITERAL_NULL_CONVERSION = YES;
				CLANG_WARN_OBJC_IMPLICIT_RETAIN_SELF = YES;
				CLANG_WARN_OBJC_LITERAL_CONVERSION = YES;
				CLANG_WARN_OBJC_ROOT_CLASS = YES_ERROR;
				CLANG_WARN_RANGE_LOOP_ANALYSIS = YES;
				CLANG_WARN_STRICT_PROTOTYPES = YES;
				CLANG_WARN_SUSPICIOUS_MOVE = YES;
				CLANG_WARN_UNGUARDED_AVAILABILITY = YES_AGGRESSIVE;
				CLANG_WARN_UNREACHABLE_CODE = YES;
				CLANG_WARN__DUPLICATE_METHOD_MATCH = YES;
				CODE_SIGN_IDENTITY = "iPhone Developer";
				COPY_PHASE_STRIP = NO;
				DEBUG_INFORMATION_FORMAT = "dwarf-with-dsym";
				ENABLE_NS_ASSERTIONS = NO;
				ENABLE_STRICT_OBJC_MSGSEND = YES;
				GCC_C_LANGUAGE_STANDARD = gnu11;
				GCC_NO_COMMON_BLOCKS = YES;
				GCC_WARN_64_TO_32_BIT_CONVERSION = YES;
				GCC_WARN_ABOUT_RETURN_TYPE = YES_ERROR;
				GCC_WARN_UNDECLARED_SELECTOR = YES;
				GCC_WARN_UNINITIALIZED_AUTOS = YES_AGGRESSIVE;
				GCC_WARN_UNUSED_FUNCTION = YES;
				GCC_WARN_UNUSED_VARIABLE = YES;
				IPHONEOS_DEPLOYMENT_TARGET = 11.4;
				MTL_ENABLE_DEBUG_INFO = NO;
				SDKROOT = iphoneos;
				SWIFT_COMPILATION_MODE = wholemodule;
				SWIFT_OPTIMIZATION_LEVEL = "-O";
				VALIDATE_PRODUCT = YES;
			};
			name = Release;
		};
		7D1ECD1021049C3200299C06 /* Debug */ = {
			isa = XCBuildConfiguration;
			buildSettings = {
				ASSETCATALOG_COMPILER_APPICON_NAME = AppIcon;
				CODE_SIGN_STYLE = Automatic;
				DEVELOPMENT_TEAM = 455EQH7S45;
				INFOPLIST_FILE = "first-shooting-game/Info.plist";
				LD_RUNPATH_SEARCH_PATHS = (
					"$(inherited)",
					"@executable_path/Frameworks",
				);
				PRODUCT_BUNDLE_IDENTIFIER = "TakJim.first-shooting-game";
				PRODUCT_NAME = "$(TARGET_NAME)";
				SWIFT_VERSION = 4.0;
				TARGETED_DEVICE_FAMILY = "1,2";
			};
			name = Debug;
		};
		7D1ECD1121049C3200299C06 /* Release */ = {
			isa = XCBuildConfiguration;
			buildSettings = {
				ASSETCATALOG_COMPILER_APPICON_NAME = AppIcon;
				CODE_SIGN_STYLE = Automatic;
				DEVELOPMENT_TEAM = 455EQH7S45;
				INFOPLIST_FILE = "first-shooting-game/Info.plist";
				LD_RUNPATH_SEARCH_PATHS = (
					"$(inherited)",
					"@executable_path/Frameworks",
				);
				PRODUCT_BUNDLE_IDENTIFIER = "TakJim.first-shooting-game";
				PRODUCT_NAME = "$(TARGET_NAME)";
				SWIFT_VERSION = 4.0;
				TARGETED_DEVICE_FAMILY = "1,2";
			};
			name = Release;
		};
/* End XCBuildConfiguration section */

/* Begin XCConfigurationList section */
		7D1ECCF221049C3000299C06 /* Build configuration list for PBXProject "first-shooting-game" */ = {
			isa = XCConfigurationList;
			buildConfigurations = (
				7D1ECD0D21049C3200299C06 /* Debug */,
				7D1ECD0E21049C3200299C06 /* Release */,
			);
			defaultConfigurationIsVisible = 0;
			defaultConfigurationName = Release;
		};
		7D1ECD0F21049C3200299C06 /* Build configuration list for PBXNativeTarget "first-shooting-game" */ = {
			isa = XCConfigurationList;
			buildConfigurations = (
				7D1ECD1021049C3200299C06 /* Debug */,
				7D1ECD1121049C3200299C06 /* Release */,
			);
			defaultConfigurationIsVisible = 0;
			defaultConfigurationName = Release;
		};
/* End XCConfigurationList section */
	};
	rootObject = 7D1ECCEF21049C3000299C06 /* Project object */;
}
